// !$*UTF8*$!
{
	archiveVersion = 1;
	classes = {
	};
	objectVersion = 50;
	objects = {

/* Begin PBXBuildFile section */
		D2C45FEB23D2BAB200CE6973 /* AppDelegate.swift in Sources */ = {isa = PBXBuildFile; fileRef = D2C45FEA23D2BAB200CE6973 /* AppDelegate.swift */; };
		D2C45FED23D2BAB200CE6973 /* SceneDelegate.swift in Sources */ = {isa = PBXBuildFile; fileRef = D2C45FEC23D2BAB200CE6973 /* SceneDelegate.swift */; };
		D2C45FF023D2BAB200CE6973 /* SavePhotoToApp.xcdatamodeld in Sources */ = {isa = PBXBuildFile; fileRef = D2C45FEE23D2BAB200CE6973 /* SavePhotoToApp.xcdatamodeld */; };
		D2C45FF223D2BAB200CE6973 /* ContentView.swift in Sources */ = {isa = PBXBuildFile; fileRef = D2C45FF123D2BAB200CE6973 /* ContentView.swift */; };
		D2C45FF423D2BAB300CE6973 /* Assets.xcassets in Resources */ = {isa = PBXBuildFile; fileRef = D2C45FF323D2BAB300CE6973 /* Assets.xcassets */; };
		D2C45FF723D2BAB300CE6973 /* Preview Assets.xcassets in Resources */ = {isa = PBXBuildFile; fileRef = D2C45FF623D2BAB300CE6973 /* Preview Assets.xcassets */; };
		D2C45FFA23D2BAB300CE6973 /* LaunchScreen.storyboard in Resources */ = {isa = PBXBuildFile; fileRef = D2C45FF823D2BAB300CE6973 /* LaunchScreen.storyboard */; };
/* End PBXBuildFile section */

/* Begin PBXFileReference section */
		D2C45FE723D2BAB200CE6973 /* SavePhotoToApp.app */ = {isa = PBXFileReference; explicitFileType = wrapper.application; includeInIndex = 0; path = SavePhotoToApp.app; sourceTree = BUILT_PRODUCTS_DIR; };
		D2C45FEA23D2BAB200CE6973 /* AppDelegate.swift */ = {isa = PBXFileReference; lastKnownFileType = sourcecode.swift; path = AppDelegate.swift; sourceTree = "<group>"; };
		D2C45FEC23D2BAB200CE6973 /* SceneDelegate.swift */ = {isa = PBXFileReference; lastKnownFileType = sourcecode.swift; path = SceneDelegate.swift; sourceTree = "<group>"; };
		D2C45FEF23D2BAB200CE6973 /* SavePhotoToApp.xcdatamodel */ = {isa = PBXFileReference; lastKnownFileType = wrapper.xcdatamodel; path = SavePhotoToApp.xcdatamodel; sourceTree = "<group>"; };
		D2C45FF123D2BAB200CE6973 /* ContentView.swift */ = {isa = PBXFileReference; lastKnownFileType = sourcecode.swift; path = ContentView.swift; sourceTree = "<group>"; };
		D2C45FF323D2BAB300CE6973 /* Assets.xcassets */ = {isa = PBXFileReference; lastKnownFileType = folder.assetcatalog; path = Assets.xcassets; sourceTree = "<group>"; };
		D2C45FF623D2BAB300CE6973 /* Preview Assets.xcassets */ = {isa = PBXFileReference; lastKnownFileType = folder.assetcatalog; path = "Preview Assets.xcassets"; sourceTree = "<group>"; };
		D2C45FF923D2BAB300CE6973 /* Base */ = {isa = PBXFileReference; lastKnownFileType = file.storyboard; name = Base; path = Base.lproj/LaunchScreen.storyboard; sourceTree = "<group>"; };
		D2C45FFB23D2BAB300CE6973 /* Info.plist */ = {isa = PBXFileReference; lastKnownFileType = text.plist.xml; path = Info.plist; sourceTree = "<group>"; };
/* End PBXFileReference section */

/* Begin PBXFrameworksBuildPhase section */
		D2C45FE423D2BAB200CE6973 /* Frameworks */ = {
			isa = PBXFrameworksBuildPhase;
			buildActionMask = 2147483647;
			files = (
			);
			runOnlyForDeploymentPostprocessing = 0;
		};
/* End PBXFrameworksBuildPhase section */

/* Begin PBXGroup section */
		D2C45FDE23D2BAB200CE6973 = {
			isa = PBXGroup;
			children = (
				D2C45FE923D2BAB200CE6973 /* SavePhotoToApp */,
				D2C45FE823D2BAB200CE6973 /* Products */,
			);
			sourceTree = "<group>";
		};
		D2C45FE823D2BAB200CE6973 /* Products */ = {
			isa = PBXGroup;
			children = (
				D2C45FE723D2BAB200CE6973 /* SavePhotoToApp.app */,
			);
			name = Products;
			sourceTree = "<group>";
		};
		D2C45FE923D2BAB200CE6973 /* SavePhotoToApp */ = {
			isa = PBXGroup;
			children = (
				D2C45FEA23D2BAB200CE6973 /* AppDelegate.swift */,
				D2C45FEC23D2BAB200CE6973 /* SceneDelegate.swift */,
				D2C45FF123D2BAB200CE6973 /* ContentView.swift */,
				D2C45FF323D2BAB300CE6973 /* Assets.xcassets */,
				D2C45FF823D2BAB300CE6973 /* LaunchScreen.storyboard */,
				D2C45FFB23D2BAB300CE6973 /* Info.plist */,
				D2C45FEE23D2BAB200CE6973 /* SavePhotoToApp.xcdatamodeld */,
				D2C45FF523D2BAB300CE6973 /* Preview Content */,
			);
			path = SavePhotoToApp;
			sourceTree = "<group>";
		};
		D2C45FF523D2BAB300CE6973 /* Preview Content */ = {
			isa = PBXGroup;
			children = (
				D2C45FF623D2BAB300CE6973 /* Preview Assets.xcassets */,
			);
			path = "Preview Content";
			sourceTree = "<group>";
		};
/* End PBXGroup section */

/* Begin PBXNativeTarget section */
		D2C45FE623D2BAB200CE6973 /* SavePhotoToApp */ = {
			isa = PBXNativeTarget;
			buildConfigurationList = D2C45FFE23D2BAB300CE6973 /* Build configuration list for PBXNativeTarget "SavePhotoToApp" */;
			buildPhases = (
				D2C45FE323D2BAB200CE6973 /* Sources */,
				D2C45FE423D2BAB200CE6973 /* Frameworks */,
				D2C45FE523D2BAB200CE6973 /* Resources */,
			);
			buildRules = (
			);
			dependencies = (
			);
			name = SavePhotoToApp;
			productName = SavePhotoToApp;
			productReference = D2C45FE723D2BAB200CE6973 /* SavePhotoToApp.app */;
			productType = "com.apple.product-type.application";
		};
/* End PBXNativeTarget section */

/* Begin PBXProject section */
		D2C45FDF23D2BAB200CE6973 /* Project object */ = {
			isa = PBXProject;
			attributes = {
				LastSwiftUpdateCheck = 1130;
				LastUpgradeCheck = 1130;
				ORGANIZATIONNAME = "yw c";
				TargetAttributes = {
					D2C45FE623D2BAB200CE6973 = {
						CreatedOnToolsVersion = 11.3;
					};
				};
			};
			buildConfigurationList = D2C45FE223D2BAB200CE6973 /* Build configuration list for PBXProject "SavePhotoToApp" */;
			compatibilityVersion = "Xcode 9.3";
			developmentRegion = en;
			hasScannedForEncodings = 0;
			knownRegions = (
				en,
				Base,
			);
			mainGroup = D2C45FDE23D2BAB200CE6973;
			productRefGroup = D2C45FE823D2BAB200CE6973 /* Products */;
			projectDirPath = "";
			projectRoot = "";
			targets = (
				D2C45FE623D2BAB200CE6973 /* SavePhotoToApp */,
			);
		};
/* End PBXProject section */

/* Begin PBXResourcesBuildPhase section */
		D2C45FE523D2BAB200CE6973 /* Resources */ = {
			isa = PBXResourcesBuildPhase;
			buildActionMask = 2147483647;
			files = (
				D2C45FFA23D2BAB300CE6973 /* LaunchScreen.storyboard in Resources */,
				D2C45FF723D2BAB300CE6973 /* Preview Assets.xcassets in Resources */,
				D2C45FF423D2BAB300CE6973 /* Assets.xcassets in Resources */,
			);
			runOnlyForDeploymentPostprocessing = 0;
		};
/* End PBXResourcesBuildPhase section */

/* Begin PBXSourcesBuildPhase section */
		D2C45FE323D2BAB200CE6973 /* Sources */ = {
			isa = PBXSourcesBuildPhase;
			buildActionMask = 2147483647;
			files = (
				D2C45FF023D2BAB200CE6973 /* SavePhotoToApp.xcdatamodeld in Sources */,
				D2C45FEB23D2BAB200CE6973 /* AppDelegate.swift in Sources */,
				D2C45FF223D2BAB200CE6973 /* ContentView.swift in Sources */,
				D2C45FED23D2BAB200CE6973 /* SceneDelegate.swift in Sources */,
			);
			runOnlyForDeploymentPostprocessing = 0;
		};
/* End PBXSourcesBuildPhase section */

/* Begin PBXVariantGroup section */
		D2C45FF823D2BAB300CE6973 /* LaunchScreen.storyboard */ = {
			isa = PBXVariantGroup;
			children = (
				D2C45FF923D2BAB300CE6973 /* Base */,
			);
			name = LaunchScreen.storyboard;
			sourceTree = "<group>";
		};
/* End PBXVariantGroup section */

/* Begin XCBuildConfiguration section */
		D2C45FFC23D2BAB300CE6973 /* Debug */ = {
			isa = XCBuildConfiguration;
			buildSettings = {
				ALWAYS_SEARCH_USER_PATHS = NO;
				CLANG_ANALYZER_NONNULL = YES;
				CLANG_ANALYZER_NUMBER_OBJECT_CONVERSION = YES_AGGRESSIVE;
				CLANG_CXX_LANGUAGE_STANDARD = "gnu++14";
				CLANG_CXX_LIBRARY = "libc++";
				CLANG_ENABLE_MODULES = YES;
				CLANG_ENABLE_OBJC_ARC = YES;
				CLANG_ENABLE_OBJC_WEAK = YES;
				CLANG_WARN_BLOCK_CAPTURE_AUTORELEASING = YES;
				CLANG_WARN_BOOL_CONVERSION = YES;
				CLANG_WARN_COMMA = YES;
				CLANG_WARN_CONSTANT_CONVERSION = YES;
				CLANG_WARN_DEPRECATED_OBJC_IMPLEMENTATIONS = YES;
				CLANG_WARN_DIRECT_OBJC_ISA_USAGE = YES_ERROR;
				CLANG_WARN_DOCUMENTATION_COMMENTS = YES;
				CLANG_WARN_EMPTY_BODY = YES;
				CLANG_WARN_ENUM_CONVERSION = YES;
				CLANG_WARN_INFINITE_RECURSION = YES;
				CLANG_WARN_INT_CONVERSION = YES;
				CLANG_WARN_NON_LITERAL_NULL_CONVERSION = YES;
				CLANG_WARN_OBJC_IMPLICIT_RETAIN_SELF = YES;
				CLANG_WARN_OBJC_LITERAL_CONVERSION = YES;
				CLANG_WARN_OBJC_ROOT_CLASS = YES_ERROR;
				CLANG_WARN_RANGE_LOOP_ANALYSIS = YES;
				CLANG_WARN_STRICT_PROTOTYPES = YES;
				CLANG_WARN_SUSPICIOUS_MOVE = YES;
				CLANG_WARN_UNGUARDED_AVAILABILITY = YES_AGGRESSIVE;
				CLANG_WARN_UNREACHABLE_CODE = YES;
				CLANG_WARN__DUPLICATE_METHOD_MATCH = YES;
				COPY_PHASE_STRIP = NO;
				DEBUG_INFORMATION_FORMAT = dwarf;
				ENABLE_STRICT_OBJC_MSGSEND = YES;
				ENABLE_TESTABILITY = YES;
				GCC_C_LANGUAGE_STANDARD = gnu11;
				GCC_DYNAMIC_NO_PIC = NO;
				GCC_NO_COMMON_BLOCKS = YES;
				GCC_OPTIMIZATION_LEVEL = 0;
				GCC_PREPROCESSOR_DEFINITIONS = (
					"DEBUG=1",
					"$(inherited)",
				);
				GCC_WARN_64_TO_32_BIT_CONVERSION = YES;
				GCC_WARN_ABOUT_RETURN_TYPE = YES_ERROR;
				GCC_WARN_UNDECLARED_SELECTOR = YES;
				GCC_WARN_UNINITIALIZED_AUTOS = YES_AGGRESSIVE;
				GCC_WARN_UNUSED_FUNCTION = YES;
				GCC_WARN_UNUSED_VARIABLE = YES;
				IPHONEOS_DEPLOYMENT_TARGET = 13.2;
				MTL_ENABLE_DEBUG_INFO = INCLUDE_SOURCE;
				MTL_FAST_MATH = YES;
				ONLY_ACTIVE_ARCH = YES;
				SDKROOT = iphoneos;
				SWIFT_ACTIVE_COMPILATION_CONDITIONS = DEBUG;
				SWIFT_OPTIMIZATION_LEVEL = "-Onone";
			};
			name = Debug;
		};
		D2C45FFD23D2BAB300CE6973 /* Release */ = {
			isa = XCBuildConfiguration;
			buildSettings = {
				ALWAYS_SEARCH_USER_PATHS = NO;
				CLANG_ANALYZER_NONNULL = YES;
				CLANG_ANALYZER_NUMBER_OBJECT_CONVERSION = YES_AGGRESSIVE;
				CLANG_CXX_LANGUAGE_STANDARD = "gnu++14";
				CLANG_CXX_LIBRARY = "libc++";
				CLANG_ENABLE_MODULES = YES;
				CLANG_ENABLE_OBJC_ARC = YES;
				CLANG_ENABLE_OBJC_WEAK = YES;
				CLANG_WARN_BLOCK_CAPTURE_AUTORELEASING = YES;
				CLANG_WARN_BOOL_CONVERSION = YES;
				CLANG_WARN_COMMA = YES;
				CLANG_WARN_CONSTANT_CONVERSION = YES;
				CLANG_WARN_DEPRECATED_OBJC_IMPLEMENTATIONS = YES;
				CLANG_WARN_DIRECT_OBJC_ISA_USAGE = YES_ERROR;
				CLANG_WARN_DOCUMENTATION_COMMENTS = YES;
				CLANG_WARN_EMPTY_BODY = YES;
				CLANG_WARN_ENUM_CONVERSION = YES;
				CLANG_WARN_INFINITE_RECURSION = YES;
				CLANG_WARN_INT_CONVERSION = YES;
				CLANG_WARN_NON_LITERAL_NULL_CONVERSION = YES;
				CLANG_WARN_OBJC_IMPLICIT_RETAIN_SELF = YES;
				CLANG_WARN_OBJC_LITERAL_CONVERSION = YES;
				CLANG_WARN_OBJC_ROOT_CLASS = YES_ERROR;
				CLANG_WARN_RANGE_LOOP_ANALYSIS = YES;
				CLANG_WARN_STRICT_PROTOTYPES = YES;
				CLANG_WARN_SUSPICIOUS_MOVE = YES;
				CLANG_WARN_UNGUARDED_AVAILABILITY = YES_AGGRESSIVE;
				CLANG_WARN_UNREACHABLE_CODE = YES;
				CLANG_WARN__DUPLICATE_METHOD_MATCH = YES;
				COPY_PHASE_STRIP = NO;
				DEBUG_INFORMATION_FORMAT = "dwarf-with-dsym";
				ENABLE_NS_ASSERTIONS = NO;
				ENABLE_STRICT_OBJC_MSGSEND = YES;
				GCC_C_LANGUAGE_STANDARD = gnu11;
				GCC_NO_COMMON_BLOCKS = YES;
				GCC_WARN_64_TO_32_BIT_CONVERSION = YES;
				GCC_WARN_ABOUT_RETURN_TYPE = YES_ERROR;
				GCC_WARN_UNDECLARED_SELECTOR = YES;
				GCC_WARN_UNINITIALIZED_AUTOS = YES_AGGRESSIVE;
				GCC_WARN_UNUSED_FUNCTION = YES;
				GCC_WARN_UNUSED_VARIABLE = YES;
				IPHONEOS_DEPLOYMENT_TARGET = 13.2;
				MTL_ENABLE_DEBUG_INFO = NO;
				MTL_FAST_MATH = YES;
				SDKROOT = iphoneos;
				SWIFT_COMPILATION_MODE = wholemodule;
				SWIFT_OPTIMIZATION_LEVEL = "-O";
				VALIDATE_PRODUCT = YES;
			};
			name = Release;
		};
		D2C45FFF23D2BAB300CE6973 /* Debug */ = {
			isa = XCBuildConfiguration;
			buildSettings = {
				ASSETCATALOG_COMPILER_APPICON_NAME = AppIcon;
				CODE_SIGN_STYLE = Automatic;
				DEVELOPMENT_ASSET_PATHS = "\"SavePhotoToApp/Preview Content\"";
				DEVELOPMENT_TEAM = 3CT7DH49Q2;
				ENABLE_PREVIEWS = YES;
				INFOPLIST_FILE = SavePhotoToApp/Info.plist;
				LD_RUNPATH_SEARCH_PATHS = (
					"$(inherited)",
					"@executable_path/Frameworks",
				);
				PRODUCT_BUNDLE_IDENTIFIER = com.swift.SavePhotoToApp;
				PRODUCT_NAME = "$(TARGET_NAME)";
				SWIFT_VERSION = 5.0;
				TARGETED_DEVICE_FAMILY = "1,2";
			};
			name = Debug;
		};
		D2C4600023D2BAB300CE6973 /* Release */ = {
			isa = XCBuildConfiguration;
			buildSettings = {
				ASSETCATALOG_COMPILER_APPICON_NAME = AppIcon;
				CODE_SIGN_STYLE = Automatic;
				DEVELOPMENT_ASSET_PATHS = "\"SavePhotoToApp/Preview Content\"";
				DEVELOPMENT_TEAM = 3CT7DH49Q2;
				ENABLE_PREVIEWS = YES;
				INFOPLIST_FILE = SavePhotoToApp/Info.plist;
				LD_RUNPATH_SEARCH_PATHS = (
					"$(inherited)",
					"@executable_path/Frameworks",
				);
				PRODUCT_BUNDLE_IDENTIFIER = com.swift.SavePhotoToApp;
				PRODUCT_NAME = "$(TARGET_NAME)";
				SWIFT_VERSION = 5.0;
				TARGETED_DEVICE_FAMILY = "1,2";
			};
			name = Release;
		};
/* End XCBuildConfiguration section */

/* Begin XCConfigurationList section */
		D2C45FE223D2BAB200CE6973 /* Build configuration list for PBXProject "SavePhotoToApp" */ = {
			isa = XCConfigurationList;
			buildConfigurations = (
				D2C45FFC23D2BAB300CE6973 /* Debug */,
				D2C45FFD23D2BAB300CE6973 /* Release */,
			);
			defaultConfigurationIsVisible = 0;
			defaultConfigurationName = Release;
		};
		D2C45FFE23D2BAB300CE6973 /* Build configuration list for PBXNativeTarget "SavePhotoToApp" */ = {
			isa = XCConfigurationList;
			buildConfigurations = (
				D2C45FFF23D2BAB300CE6973 /* Debug */,
				D2C4600023D2BAB300CE6973 /* Release */,
			);
			defaultConfigurationIsVisible = 0;
			defaultConfigurationName = Release;
		};
/* End XCConfigurationList section */

/* Begin XCVersionGroup section */
		D2C45FEE23D2BAB200CE6973 /* SavePhotoToApp.xcdatamodeld */ = {
			isa = XCVersionGroup;
			children = (
				D2C45FEF23D2BAB200CE6973 /* SavePhotoToApp.xcdatamodel */,
			);
			currentVersion = D2C45FEF23D2BAB200CE6973 /* SavePhotoToApp.xcdatamodel */;
			path = SavePhotoToApp.xcdatamodeld;
			sourceTree = "<group>";
			versionGroupType = wrapper.xcdatamodel;
		};
/* End XCVersionGroup section */
	};
	rootObject = D2C45FDF23D2BAB200CE6973 /* Project object */;
}
